
Microsoft Visual Studio Solution File, Format Version 12.00
# Visual Studio Version 16
VisualStudioVersion = 16.0.31129.286
MinimumVisualStudioVersion = 10.0.40219.1
Project("{9A19103F-16F7-4668-BE54-9A1E7A4F7556}") = "WebApplication1", "WebApplication1\WebApplication1.csproj", "{EF219E3F-D731-4B4F-95E8-1090A6512786}"
EndProject
Project("{9A19103F-16F7-4668-BE54-9A1E7A4F7556}") = "Tests", "Tests\Tests.csproj", "{C37ADEBE-2AFC-4F4E-B54D-9C06BF702845}"
EndProject
Global
	GlobalSection(SolutionConfigurationPlatforms) = preSolution
		Debug|Any CPU = Debug|Any CPU
		Release|Any CPU = Release|Any CPU
	EndGlobalSection
	GlobalSection(ProjectConfigurationPlatforms) = postSolution
		{EF219E3F-D731-4B4F-95E8-1090A6512786}.Debug|Any CPU.ActiveCfg = Debug|Any CPU
		{EF219E3F-D731-4B4F-95E8-1090A6512786}.Debug|Any CPU.Build.0 = Debug|Any CPU
		{EF219E3F-D731-4B4F-95E8-1090A6512786}.Release|Any CPU.ActiveCfg = Release|Any CPU
		{EF219E3F-D731-4B4F-95E8-1090A6512786}.Release|Any CPU.Build.0 = Release|Any CPU
		{C37ADEBE-2AFC-4F4E-B54D-9C06BF702845}.Debug|Any CPU.ActiveCfg = Debug|Any CPU
		{C37ADEBE-2AFC-4F4E-B54D-9C06BF702845}.Debug|Any CPU.Build.0 = Debug|Any CPU
		{C37ADEBE-2AFC-4F4E-B54D-9C06BF702845}.Release|Any CPU.ActiveCfg = Release|Any CPU
		{C37ADEBE-2AFC-4F4E-B54D-9C06BF702845}.Release|Any CPU.Build.0 = Release|Any CPU
	EndGlobalSection
	GlobalSection(SolutionProperties) = preSolution
		HideSolutionNode = FALSE
	EndGlobalSection
	GlobalSection(ExtensibilityGlobals) = postSolution
		SolutionGuid = {9F5E64E8-C7F2-4684-B412-79FE5F82A0CA}
	EndGlobalSection
EndGlobal
